
Microsoft Visual Studio Solution File, Format Version 12.00
# Visual Studio Version 17
VisualStudioVersion = 17.9.34622.214
MinimumVisualStudioVersion = 10.0.40219.1
Project("{FAE04EC0-301F-11D3-BF4B-00C04F79EFBC}") = "BTGiuaKy-MaiQuocLong-22115053122227", "BTGiuaKy-MaiQuocLong\BTGiuaKy-MaiQuocLong-22115053122227.csproj", "{2C5EA73D-7FE0-4CC0-913C-F8DACA697838}"
EndProject
Global
	GlobalSection(SolutionConfigurationPlatforms) = preSolution
		Debug|Any CPU = Debug|Any CPU
		Release|Any CPU = Release|Any CPU
	EndGlobalSection
	GlobalSection(ProjectConfigurationPlatforms) = postSolution
		{2C5EA73D-7FE0-4CC0-913C-F8DACA697838}.Debug|Any CPU.ActiveCfg = Debug|Any CPU
		{2C5EA73D-7FE0-4CC0-913C-F8DACA697838}.Debug|Any CPU.Build.0 = Debug|Any CPU
		{2C5EA73D-7FE0-4CC0-913C-F8DACA697838}.Release|Any CPU.ActiveCfg = Release|Any CPU
		{2C5EA73D-7FE0-4CC0-913C-F8DACA697838}.Release|Any CPU.Build.0 = Release|Any CPU
	EndGlobalSection
	GlobalSection(SolutionProperties) = preSolution
		HideSolutionNode = FALSE
	EndGlobalSection
	GlobalSection(ExtensibilityGlobals) = postSolution
		SolutionGuid = {3445B1C6-54C2-47AF-BDFC-D20CE4D36260}
	EndGlobalSection
EndGlobal
